// !$*UTF8*$!
{
	archiveVersion = 1;
	classes = {
	};
	objectVersion = 46;
	objects = {

/* Begin PBXBuildFile section */
		8A5204A91E4F3B7600529BA9 /* WishListCell.swift in Sources */ = {isa = PBXBuildFile; fileRef = 8A5204A81E4F3B7600529BA9 /* WishListCell.swift */; };
		8A5204AD1E4F3C7600529BA9 /* datamodel.xcdatamodeld in Sources */ = {isa = PBXBuildFile; fileRef = 8A5204AB1E4F3C7600529BA9 /* datamodel.xcdatamodeld */; };
		8A5204B61E4F400300529BA9 /* Store+CoreDataClass.swift in Sources */ = {isa = PBXBuildFile; fileRef = 8A5204AE1E4F400300529BA9 /* Store+CoreDataClass.swift */; };
		8A5204B71E4F400300529BA9 /* Store+CoreDataProperties.swift in Sources */ = {isa = PBXBuildFile; fileRef = 8A5204AF1E4F400300529BA9 /* Store+CoreDataProperties.swift */; };
		8A5204B81E4F400300529BA9 /* Item+CoreDataClass.swift in Sources */ = {isa = PBXBuildFile; fileRef = 8A5204B01E4F400300529BA9 /* Item+CoreDataClass.swift */; };
		8A5204B91E4F400300529BA9 /* Item+CoreDataProperties.swift in Sources */ = {isa = PBXBuildFile; fileRef = 8A5204B11E4F400300529BA9 /* Item+CoreDataProperties.swift */; };
		8A5204BA1E4F400300529BA9 /* Image+CoreDataClass.swift in Sources */ = {isa = PBXBuildFile; fileRef = 8A5204B21E4F400300529BA9 /* Image+CoreDataClass.swift */; };
		8A5204BB1E4F400300529BA9 /* Image+CoreDataProperties.swift in Sources */ = {isa = PBXBuildFile; fileRef = 8A5204B31E4F400300529BA9 /* Image+CoreDataProperties.swift */; };
		8A5204BC1E4F400300529BA9 /* ItemType+CoreDataClass.swift in Sources */ = {isa = PBXBuildFile; fileRef = 8A5204B41E4F400300529BA9 /* ItemType+CoreDataClass.swift */; };
		8A5204BD1E4F400300529BA9 /* ItemType+CoreDataProperties.swift in Sources */ = {isa = PBXBuildFile; fileRef = 8A5204B51E4F400300529BA9 /* ItemType+CoreDataProperties.swift */; };
		8AA334181E4E48D000130B72 /* AppDelegate.swift in Sources */ = {isa = PBXBuildFile; fileRef = 8AA334171E4E48D000130B72 /* AppDelegate.swift */; };
		8AA3341A1E4E48D000130B72 /* MainVC.swift in Sources */ = {isa = PBXBuildFile; fileRef = 8AA334191E4E48D000130B72 /* MainVC.swift */; };
		8AA3341D1E4E48D000130B72 /* Main.storyboard in Resources */ = {isa = PBXBuildFile; fileRef = 8AA3341B1E4E48D000130B72 /* Main.storyboard */; };
		8AA334221E4E48D000130B72 /* Assets.xcassets in Resources */ = {isa = PBXBuildFile; fileRef = 8AA334211E4E48D000130B72 /* Assets.xcassets */; };
		8AA334251E4E48D000130B72 /* LaunchScreen.storyboard in Resources */ = {isa = PBXBuildFile; fileRef = 8AA334231E4E48D000130B72 /* LaunchScreen.storyboard */; };
		8AA334301E4E48D000130B72 /* WishListTests.swift in Sources */ = {isa = PBXBuildFile; fileRef = 8AA3342F1E4E48D000130B72 /* WishListTests.swift */; };
		8AA3343B1E4E48D000130B72 /* WishListUITests.swift in Sources */ = {isa = PBXBuildFile; fileRef = 8AA3343A1E4E48D000130B72 /* WishListUITests.swift */; };
		8AEE357D1E50CB70000382E6 /* RoundedImages.swift in Sources */ = {isa = PBXBuildFile; fileRef = 8AEE357C1E50CB70000382E6 /* RoundedImages.swift */; };
		8AEF75AC1E50942F00E27419 /* cellView.swift in Sources */ = {isa = PBXBuildFile; fileRef = 8AEF75AB1E50942F00E27419 /* cellView.swift */; };
		8AEF75B01E50A1FE00E27419 /* ItemsAddVC.swift in Sources */ = {isa = PBXBuildFile; fileRef = 8AEF75AF1E50A1FE00E27419 /* ItemsAddVC.swift */; };
/* End PBXBuildFile section */

/* Begin PBXContainerItemProxy section */
		8AA3342C1E4E48D000130B72 /* PBXContainerItemProxy */ = {
			isa = PBXContainerItemProxy;
			containerPortal = 8AA3340C1E4E48CF00130B72 /* Project object */;
			proxyType = 1;
			remoteGlobalIDString = 8AA334131E4E48CF00130B72;
			remoteInfo = WishList;
		};
		8AA334371E4E48D000130B72 /* PBXContainerItemProxy */ = {
			isa = PBXContainerItemProxy;
			containerPortal = 8AA3340C1E4E48CF00130B72 /* Project object */;
			proxyType = 1;
			remoteGlobalIDString = 8AA334131E4E48CF00130B72;
			remoteInfo = WishList;
		};
/* End PBXContainerItemProxy section */

/* Begin PBXFileReference section */
		8A5204A81E4F3B7600529BA9 /* WishListCell.swift */ = {isa = PBXFileReference; fileEncoding = 4; lastKnownFileType = sourcecode.swift; path = WishListCell.swift; sourceTree = "<group>"; };
		8A5204AC1E4F3C7600529BA9 /* datamodel.xcdatamodel */ = {isa = PBXFileReference; lastKnownFileType = wrapper.xcdatamodel; path = datamodel.xcdatamodel; sourceTree = "<group>"; };
		8A5204AE1E4F400300529BA9 /* Store+CoreDataClass.swift */ = {isa = PBXFileReference; fileEncoding = 4; lastKnownFileType = sourcecode.swift; path = "Store+CoreDataClass.swift"; sourceTree = "<group>"; };
		8A5204AF1E4F400300529BA9 /* Store+CoreDataProperties.swift */ = {isa = PBXFileReference; fileEncoding = 4; lastKnownFileType = sourcecode.swift; path = "Store+CoreDataProperties.swift"; sourceTree = "<group>"; };
		8A5204B01E4F400300529BA9 /* Item+CoreDataClass.swift */ = {isa = PBXFileReference; fileEncoding = 4; lastKnownFileType = sourcecode.swift; path = "Item+CoreDataClass.swift"; sourceTree = "<group>"; };
		8A5204B11E4F400300529BA9 /* Item+CoreDataProperties.swift */ = {isa = PBXFileReference; fileEncoding = 4; lastKnownFileType = sourcecode.swift; path = "Item+CoreDataProperties.swift"; sourceTree = "<group>"; };
		8A5204B21E4F400300529BA9 /* Image+CoreDataClass.swift */ = {isa = PBXFileReference; fileEncoding = 4; lastKnownFileType = sourcecode.swift; path = "Image+CoreDataClass.swift"; sourceTree = "<group>"; };
		8A5204B31E4F400300529BA9 /* Image+CoreDataProperties.swift */ = {isa = PBXFileReference; fileEncoding = 4; lastKnownFileType = sourcecode.swift; path = "Image+CoreDataProperties.swift"; sourceTree = "<group>"; };
		8A5204B41E4F400300529BA9 /* ItemType+CoreDataClass.swift */ = {isa = PBXFileReference; fileEncoding = 4; lastKnownFileType = sourcecode.swift; path = "ItemType+CoreDataClass.swift"; sourceTree = "<group>"; };
		8A5204B51E4F400300529BA9 /* ItemType+CoreDataProperties.swift */ = {isa = PBXFileReference; fileEncoding = 4; lastKnownFileType = sourcecode.swift; path = "ItemType+CoreDataProperties.swift"; sourceTree = "<group>"; };
		8AA334141E4E48D000130B72 /* WishList.app */ = {isa = PBXFileReference; explicitFileType = wrapper.application; includeInIndex = 0; path = WishList.app; sourceTree = BUILT_PRODUCTS_DIR; };
		8AA334171E4E48D000130B72 /* AppDelegate.swift */ = {isa = PBXFileReference; lastKnownFileType = sourcecode.swift; path = AppDelegate.swift; sourceTree = "<group>"; };
		8AA334191E4E48D000130B72 /* MainVC.swift */ = {isa = PBXFileReference; lastKnownFileType = sourcecode.swift; path = MainVC.swift; sourceTree = "<group>"; };
		8AA3341C1E4E48D000130B72 /* Base */ = {isa = PBXFileReference; lastKnownFileType = file.storyboard; name = Base; path = Base.lproj/Main.storyboard; sourceTree = "<group>"; };
		8AA334211E4E48D000130B72 /* Assets.xcassets */ = {isa = PBXFileReference; lastKnownFileType = folder.assetcatalog; path = Assets.xcassets; sourceTree = "<group>"; };
		8AA334241E4E48D000130B72 /* Base */ = {isa = PBXFileReference; lastKnownFileType = file.storyboard; name = Base; path = Base.lproj/LaunchScreen.storyboard; sourceTree = "<group>"; };
		8AA334261E4E48D000130B72 /* Info.plist */ = {isa = PBXFileReference; lastKnownFileType = text.plist.xml; path = Info.plist; sourceTree = "<group>"; };
		8AA3342B1E4E48D000130B72 /* WishListTests.xctest */ = {isa = PBXFileReference; explicitFileType = wrapper.cfbundle; includeInIndex = 0; path = WishListTests.xctest; sourceTree = BUILT_PRODUCTS_DIR; };
		8AA3342F1E4E48D000130B72 /* WishListTests.swift */ = {isa = PBXFileReference; lastKnownFileType = sourcecode.swift; path = WishListTests.swift; sourceTree = "<group>"; };
		8AA334311E4E48D000130B72 /* Info.plist */ = {isa = PBXFileReference; lastKnownFileType = text.plist.xml; path = Info.plist; sourceTree = "<group>"; };
		8AA334361E4E48D000130B72 /* WishListUITests.xctest */ = {isa = PBXFileReference; explicitFileType = wrapper.cfbundle; includeInIndex = 0; path = WishListUITests.xctest; sourceTree = BUILT_PRODUCTS_DIR; };
		8AA3343A1E4E48D000130B72 /* WishListUITests.swift */ = {isa = PBXFileReference; lastKnownFileType = sourcecode.swift; path = WishListUITests.swift; sourceTree = "<group>"; };
		8AA3343C1E4E48D000130B72 /* Info.plist */ = {isa = PBXFileReference; lastKnownFileType = text.plist.xml; path = Info.plist; sourceTree = "<group>"; };
		8AEE357C1E50CB70000382E6 /* RoundedImages.swift */ = {isa = PBXFileReference; fileEncoding = 4; lastKnownFileType = sourcecode.swift; path = RoundedImages.swift; sourceTree = "<group>"; };
		8AEF75AB1E50942F00E27419 /* cellView.swift */ = {isa = PBXFileReference; fileEncoding = 4; lastKnownFileType = sourcecode.swift; path = cellView.swift; sourceTree = "<group>"; };
		8AEF75AF1E50A1FE00E27419 /* ItemsAddVC.swift */ = {isa = PBXFileReference; fileEncoding = 4; lastKnownFileType = sourcecode.swift; path = ItemsAddVC.swift; sourceTree = "<group>"; };
/* End PBXFileReference section */

/* Begin PBXFrameworksBuildPhase section */
		8AA334111E4E48CF00130B72 /* Frameworks */ = {
			isa = PBXFrameworksBuildPhase;
			buildActionMask = 2147483647;
			files = (
			);
			runOnlyForDeploymentPostprocessing = 0;
		};
		8AA334281E4E48D000130B72 /* Frameworks */ = {
			isa = PBXFrameworksBuildPhase;
			buildActionMask = 2147483647;
			files = (
			);
			runOnlyForDeploymentPostprocessing = 0;
		};
		8AA334331E4E48D000130B72 /* Frameworks */ = {
			isa = PBXFrameworksBuildPhase;
			buildActionMask = 2147483647;
			files = (
			);
			runOnlyForDeploymentPostprocessing = 0;
		};
/* End PBXFrameworksBuildPhase section */

/* Begin PBXGroup section */
		8A5204AA1E4F3C4F00529BA9 /* Model */ = {
			isa = PBXGroup;
			children = (
				8A5204AE1E4F400300529BA9 /* Store+CoreDataClass.swift */,
				8A5204B01E4F400300529BA9 /* Item+CoreDataClass.swift */,
				8A5204B21E4F400300529BA9 /* Image+CoreDataClass.swift */,
				8A5204B41E4F400300529BA9 /* ItemType+CoreDataClass.swift */,
				8A5204BE1E4F401000529BA9 /* generated */,
			);
			name = Model;
			sourceTree = "<group>";
		};
		8A5204BE1E4F401000529BA9 /* generated */ = {
			isa = PBXGroup;
			children = (
				8A5204AF1E4F400300529BA9 /* Store+CoreDataProperties.swift */,
				8A5204B11E4F400300529BA9 /* Item+CoreDataProperties.swift */,
				8A5204B31E4F400300529BA9 /* Image+CoreDataProperties.swift */,
				8A5204B51E4F400300529BA9 /* ItemType+CoreDataProperties.swift */,
			);
			name = generated;
			sourceTree = "<group>";
		};
		8AA3340B1E4E48CF00130B72 = {
			isa = PBXGroup;
			children = (
				8AA334161E4E48D000130B72 /* WishList */,
				8AA3342E1E4E48D000130B72 /* WishListTests */,
				8AA334391E4E48D000130B72 /* WishListUITests */,
				8AA334151E4E48D000130B72 /* Products */,
			);
			sourceTree = "<group>";
		};
		8AA334151E4E48D000130B72 /* Products */ = {
			isa = PBXGroup;
			children = (
				8AA334141E4E48D000130B72 /* WishList.app */,
				8AA3342B1E4E48D000130B72 /* WishListTests.xctest */,
				8AA334361E4E48D000130B72 /* WishListUITests.xctest */,
			);
			name = Products;
			sourceTree = "<group>";
		};
		8AA334161E4E48D000130B72 /* WishList */ = {
			isa = PBXGroup;
			children = (
				8A5204AA1E4F3C4F00529BA9 /* Model */,
				8AA334491E4E48E500130B72 /* View */,
				8AA3344A1E4E48EA00130B72 /* Controller */,
				8AA334171E4E48D000130B72 /* AppDelegate.swift */,
				8AA3341B1E4E48D000130B72 /* Main.storyboard */,
				8AA334211E4E48D000130B72 /* Assets.xcassets */,
				8AA334231E4E48D000130B72 /* LaunchScreen.storyboard */,
				8AA334261E4E48D000130B72 /* Info.plist */,
				8A5204AB1E4F3C7600529BA9 /* datamodel.xcdatamodeld */,
			);
			path = WishList;
			sourceTree = "<group>";
		};
		8AA3342E1E4E48D000130B72 /* WishListTests */ = {
			isa = PBXGroup;
			children = (
				8AA3342F1E4E48D000130B72 /* WishListTests.swift */,
				8AA334311E4E48D000130B72 /* Info.plist */,
			);
			path = WishListTests;
			sourceTree = "<group>";
		};
		8AA334391E4E48D000130B72 /* WishListUITests */ = {
			isa = PBXGroup;
			children = (
				8AA3343A1E4E48D000130B72 /* WishListUITests.swift */,
				8AA3343C1E4E48D000130B72 /* Info.plist */,
			);
			path = WishListUITests;
			sourceTree = "<group>";
		};
		8AA334491E4E48E500130B72 /* View */ = {
			isa = PBXGroup;
			children = (
				8A5204A81E4F3B7600529BA9 /* WishListCell.swift */,
				8AEF75AB1E50942F00E27419 /* cellView.swift */,
				8AEE357C1E50CB70000382E6 /* RoundedImages.swift */,
			);
			name = View;
			sourceTree = "<group>";
		};
		8AA3344A1E4E48EA00130B72 /* Controller */ = {
			isa = PBXGroup;
			children = (
				8AA334191E4E48D000130B72 /* MainVC.swift */,
				8AEF75AF1E50A1FE00E27419 /* ItemsAddVC.swift */,
			);
			name = Controller;
			sourceTree = "<group>";
		};
/* End PBXGroup section */

/* Begin PBXNativeTarget section */
		8AA334131E4E48CF00130B72 /* WishList */ = {
			isa = PBXNativeTarget;
			buildConfigurationList = 8AA3343F1E4E48D000130B72 /* Build configuration list for PBXNativeTarget "WishList" */;
			buildPhases = (
				8AA334101E4E48CF00130B72 /* Sources */,
				8AA334111E4E48CF00130B72 /* Frameworks */,
				8AA334121E4E48CF00130B72 /* Resources */,
			);
			buildRules = (
			);
			dependencies = (
			);
			name = WishList;
			productName = WishList;
			productReference = 8AA334141E4E48D000130B72 /* WishList.app */;
			productType = "com.apple.product-type.application";
		};
		8AA3342A1E4E48D000130B72 /* WishListTests */ = {
			isa = PBXNativeTarget;
			buildConfigurationList = 8AA334421E4E48D000130B72 /* Build configuration list for PBXNativeTarget "WishListTests" */;
			buildPhases = (
				8AA334271E4E48D000130B72 /* Sources */,
				8AA334281E4E48D000130B72 /* Frameworks */,
				8AA334291E4E48D000130B72 /* Resources */,
			);
			buildRules = (
			);
			dependencies = (
				8AA3342D1E4E48D000130B72 /* PBXTargetDependency */,
			);
			name = WishListTests;
			productName = WishListTests;
			productReference = 8AA3342B1E4E48D000130B72 /* WishListTests.xctest */;
			productType = "com.apple.product-type.bundle.unit-test";
		};
		8AA334351E4E48D000130B72 /* WishListUITests */ = {
			isa = PBXNativeTarget;
			buildConfigurationList = 8AA334451E4E48D000130B72 /* Build configuration list for PBXNativeTarget "WishListUITests" */;
			buildPhases = (
				8AA334321E4E48D000130B72 /* Sources */,
				8AA334331E4E48D000130B72 /* Frameworks */,
				8AA334341E4E48D000130B72 /* Resources */,
			);
			buildRules = (
			);
			dependencies = (
				8AA334381E4E48D000130B72 /* PBXTargetDependency */,
			);
			name = WishListUITests;
			productName = WishListUITests;
			productReference = 8AA334361E4E48D000130B72 /* WishListUITests.xctest */;
			productType = "com.apple.product-type.bundle.ui-testing";
		};
/* End PBXNativeTarget section */

/* Begin PBXProject section */
		8AA3340C1E4E48CF00130B72 /* Project object */ = {
			isa = PBXProject;
			attributes = {
				LastSwiftUpdateCheck = 0820;
				LastUpgradeCheck = 0820;
				ORGANIZATIONNAME = "Mustafa Khalil";
				TargetAttributes = {
					8AA334131E4E48CF00130B72 = {
						CreatedOnToolsVersion = 8.2.1;
						DevelopmentTeam = 8QAD36SMXZ;
						ProvisioningStyle = Automatic;
					};
					8AA3342A1E4E48D000130B72 = {
						CreatedOnToolsVersion = 8.2.1;
						DevelopmentTeam = 8QAD36SMXZ;
						ProvisioningStyle = Automatic;
						TestTargetID = 8AA334131E4E48CF00130B72;
					};
					8AA334351E4E48D000130B72 = {
						CreatedOnToolsVersion = 8.2.1;
						DevelopmentTeam = 8QAD36SMXZ;
						ProvisioningStyle = Automatic;
						TestTargetID = 8AA334131E4E48CF00130B72;
					};
				};
			};
			buildConfigurationList = 8AA3340F1E4E48CF00130B72 /* Build configuration list for PBXProject "WishList" */;
			compatibilityVersion = "Xcode 3.2";
			developmentRegion = English;
			hasScannedForEncodings = 0;
			knownRegions = (
				en,
				Base,
			);
			mainGroup = 8AA3340B1E4E48CF00130B72;
			productRefGroup = 8AA334151E4E48D000130B72 /* Products */;
			projectDirPath = "";
			projectRoot = "";
			targets = (
				8AA334131E4E48CF00130B72 /* WishList */,
				8AA3342A1E4E48D000130B72 /* WishListTests */,
				8AA334351E4E48D000130B72 /* WishListUITests */,
			);
		};
/* End PBXProject section */

/* Begin PBXResourcesBuildPhase section */
		8AA334121E4E48CF00130B72 /* Resources */ = {
			isa = PBXResourcesBuildPhase;
			buildActionMask = 2147483647;
			files = (
				8AA334251E4E48D000130B72 /* LaunchScreen.storyboard in Resources */,
				8AA334221E4E48D000130B72 /* Assets.xcassets in Resources */,
				8AA3341D1E4E48D000130B72 /* Main.storyboard in Resources */,
			);
			runOnlyForDeploymentPostprocessing = 0;
		};
		8AA334291E4E48D000130B72 /* Resources */ = {
			isa = PBXResourcesBuildPhase;
			buildActionMask = 2147483647;
			files = (
			);
			runOnlyForDeploymentPostprocessing = 0;
		};
		8AA334341E4E48D000130B72 /* Resources */ = {
			isa = PBXResourcesBuildPhase;
			buildActionMask = 2147483647;
			files = (
			);
			runOnlyForDeploymentPostprocessing = 0;
		};
/* End PBXResourcesBuildPhase section */

/* Begin PBXSourcesBuildPhase section */
		8AA334101E4E48CF00130B72 /* Sources */ = {
			isa = PBXSourcesBuildPhase;
			buildActionMask = 2147483647;
			files = (
				8A5204BC1E4F400300529BA9 /* ItemType+CoreDataClass.swift in Sources */,
				8A5204B61E4F400300529BA9 /* Store+CoreDataClass.swift in Sources */,
				8AA3341A1E4E48D000130B72 /* MainVC.swift in Sources */,
				8AEF75B01E50A1FE00E27419 /* ItemsAddVC.swift in Sources */,
				8AA334181E4E48D000130B72 /* AppDelegate.swift in Sources */,
				8A5204B71E4F400300529BA9 /* Store+CoreDataProperties.swift in Sources */,
				8A5204AD1E4F3C7600529BA9 /* datamodel.xcdatamodeld in Sources */,
				8A5204B91E4F400300529BA9 /* Item+CoreDataProperties.swift in Sources */,
				8A5204B81E4F400300529BA9 /* Item+CoreDataClass.swift in Sources */,
				8A5204BD1E4F400300529BA9 /* ItemType+CoreDataProperties.swift in Sources */,
				8A5204A91E4F3B7600529BA9 /* WishListCell.swift in Sources */,
				8AEF75AC1E50942F00E27419 /* cellView.swift in Sources */,
				8A5204BA1E4F400300529BA9 /* Image+CoreDataClass.swift in Sources */,
				8A5204BB1E4F400300529BA9 /* Image+CoreDataProperties.swift in Sources */,
				8AEE357D1E50CB70000382E6 /* RoundedImages.swift in Sources */,
			);
			runOnlyForDeploymentPostprocessing = 0;
		};
		8AA334271E4E48D000130B72 /* Sources */ = {
			isa = PBXSourcesBuildPhase;
			buildActionMask = 2147483647;
			files = (
				8AA334301E4E48D000130B72 /* WishListTests.swift in Sources */,
			);
			runOnlyForDeploymentPostprocessing = 0;
		};
		8AA334321E4E48D000130B72 /* Sources */ = {
			isa = PBXSourcesBuildPhase;
			buildActionMask = 2147483647;
			files = (
				8AA3343B1E4E48D000130B72 /* WishListUITests.swift in Sources */,
			);
			runOnlyForDeploymentPostprocessing = 0;
		};
/* End PBXSourcesBuildPhase section */

/* Begin PBXTargetDependency section */
		8AA3342D1E4E48D000130B72 /* PBXTargetDependency */ = {
			isa = PBXTargetDependency;
			target = 8AA334131E4E48CF00130B72 /* WishList */;
			targetProxy = 8AA3342C1E4E48D000130B72 /* PBXContainerItemProxy */;
		};
		8AA334381E4E48D000130B72 /* PBXTargetDependency */ = {
			isa = PBXTargetDependency;
			target = 8AA334131E4E48CF00130B72 /* WishList */;
			targetProxy = 8AA334371E4E48D000130B72 /* PBXContainerItemProxy */;
		};
/* End PBXTargetDependency section */

/* Begin PBXVariantGroup section */
		8AA3341B1E4E48D000130B72 /* Main.storyboard */ = {
			isa = PBXVariantGroup;
			children = (
				8AA3341C1E4E48D000130B72 /* Base */,
			);
			name = Main.storyboard;
			sourceTree = "<group>";
		};
		8AA334231E4E48D000130B72 /* LaunchScreen.storyboard */ = {
			isa = PBXVariantGroup;
			children = (
				8AA334241E4E48D000130B72 /* Base */,
			);
			name = LaunchScreen.storyboard;
			sourceTree = "<group>";
		};
/* End PBXVariantGroup section */

/* Begin XCBuildConfiguration section */
		8AA3343D1E4E48D000130B72 /* Debug */ = {
			isa = XCBuildConfiguration;
			buildSettings = {
				ALWAYS_SEARCH_USER_PATHS = NO;
				CLANG_ANALYZER_NONNULL = YES;
				CLANG_CXX_LANGUAGE_STANDARD = "gnu++0x";
				CLANG_CXX_LIBRARY = "libc++";
				CLANG_ENABLE_MODULES = YES;
				CLANG_ENABLE_OBJC_ARC = YES;
				CLANG_WARN_BOOL_CONVERSION = YES;
				CLANG_WARN_CONSTANT_CONVERSION = YES;
				CLANG_WARN_DIRECT_OBJC_ISA_USAGE = YES_ERROR;
				CLANG_WARN_DOCUMENTATION_COMMENTS = YES;
				CLANG_WARN_EMPTY_BODY = YES;
				CLANG_WARN_ENUM_CONVERSION = YES;
				CLANG_WARN_INFINITE_RECURSION = YES;
				CLANG_WARN_INT_CONVERSION = YES;
				CLANG_WARN_OBJC_ROOT_CLASS = YES_ERROR;
				CLANG_WARN_SUSPICIOUS_MOVE = YES;
				CLANG_WARN_UNREACHABLE_CODE = YES;
				CLANG_WARN__DUPLICATE_METHOD_MATCH = YES;
				"CODE_SIGN_IDENTITY[sdk=iphoneos*]" = "iPhone Developer";
				COPY_PHASE_STRIP = NO;
				DEBUG_INFORMATION_FORMAT = dwarf;
				ENABLE_STRICT_OBJC_MSGSEND = YES;
				ENABLE_TESTABILITY = YES;
				GCC_C_LANGUAGE_STANDARD = gnu99;
				GCC_DYNAMIC_NO_PIC = NO;
				GCC_NO_COMMON_BLOCKS = YES;
				GCC_OPTIMIZATION_LEVEL = 0;
				GCC_PREPROCESSOR_DEFINITIONS = (
					"DEBUG=1",
					"$(inherited)",
				);
				GCC_WARN_64_TO_32_BIT_CONVERSION = YES;
				GCC_WARN_ABOUT_RETURN_TYPE = YES_ERROR;
				GCC_WARN_UNDECLARED_SELECTOR = YES;
				GCC_WARN_UNINITIALIZED_AUTOS = YES_AGGRESSIVE;
				GCC_WARN_UNUSED_FUNCTION = YES;
				GCC_WARN_UNUSED_VARIABLE = YES;
				IPHONEOS_DEPLOYMENT_TARGET = 10.2;
				MTL_ENABLE_DEBUG_INFO = YES;
				ONLY_ACTIVE_ARCH = YES;
				SDKROOT = iphoneos;
				SWIFT_ACTIVE_COMPILATION_CONDITIONS = DEBUG;
				SWIFT_OPTIMIZATION_LEVEL = "-Onone";
				TARGETED_DEVICE_FAMILY = "1,2";
			};
			name = Debug;
		};
		8AA3343E1E4E48D000130B72 /* Release */ = {
			isa = XCBuildConfiguration;
			buildSettings = {
				ALWAYS_SEARCH_USER_PATHS = NO;
				CLANG_ANALYZER_NONNULL = YES;
				CLANG_CXX_LANGUAGE_STANDARD = "gnu++0x";
				CLANG_CXX_LIBRARY = "libc++";
				CLANG_ENABLE_MODULES = YES;
				CLANG_ENABLE_OBJC_ARC = YES;
				CLANG_WARN_BOOL_CONVERSION = YES;
				CLANG_WARN_CONSTANT_CONVERSION = YES;
				CLANG_WARN_DIRECT_OBJC_ISA_USAGE = YES_ERROR;
				CLANG_WARN_DOCUMENTATION_COMMENTS = YES;
				CLANG_WARN_EMPTY_BODY = YES;
				CLANG_WARN_ENUM_CONVERSION = YES;
				CLANG_WARN_INFINITE_RECURSION = YES;
				CLANG_WARN_INT_CONVERSION = YES;
				CLANG_WARN_OBJC_ROOT_CLASS = YES_ERROR;
				CLANG_WARN_SUSPICIOUS_MOVE = YES;
				CLANG_WARN_UNREACHABLE_CODE = YES;
				CLANG_WARN__DUPLICATE_METHOD_MATCH = YES;
				"CODE_SIGN_IDENTITY[sdk=iphoneos*]" = "iPhone Developer";
				COPY_PHASE_STRIP = NO;
				DEBUG_INFORMATION_FORMAT = "dwarf-with-dsym";
				ENABLE_NS_ASSERTIONS = NO;
				ENABLE_STRICT_OBJC_MSGSEND = YES;
				GCC_C_LANGUAGE_STANDARD = gnu99;
				GCC_NO_COMMON_BLOCKS = YES;
				GCC_WARN_64_TO_32_BIT_CONVERSION = YES;
				GCC_WARN_ABOUT_RETURN_TYPE = YES_ERROR;
				GCC_WARN_UNDECLARED_SELECTOR = YES;
				GCC_WARN_UNINITIALIZED_AUTOS = YES_AGGRESSIVE;
				GCC_WARN_UNUSED_FUNCTION = YES;
				GCC_WARN_UNUSED_VARIABLE = YES;
				IPHONEOS_DEPLOYMENT_TARGET = 10.2;
				MTL_ENABLE_DEBUG_INFO = NO;
				SDKROOT = iphoneos;
				SWIFT_OPTIMIZATION_LEVEL = "-Owholemodule";
				TARGETED_DEVICE_FAMILY = "1,2";
				VALIDATE_PRODUCT = YES;
			};
			name = Release;
		};
		8AA334401E4E48D000130B72 /* Debug */ = {
			isa = XCBuildConfiguration;
			buildSettings = {
				ASSETCATALOG_COMPILER_APPICON_NAME = AppIcon;
				DEVELOPMENT_TEAM = 8QAD36SMXZ;
				INFOPLIST_FILE = WishList/Info.plist;
				LD_RUNPATH_SEARCH_PATHS = "$(inherited) @executable_path/Frameworks";
				PRODUCT_BUNDLE_IDENTIFIER = MMSk.WishList;
				PRODUCT_NAME = "$(TARGET_NAME)";
				SWIFT_VERSION = 3.0;
			};
			name = Debug;
		};
		8AA334411E4E48D000130B72 /* Release */ = {
			isa = XCBuildConfiguration;
			buildSettings = {
				ASSETCATALOG_COMPILER_APPICON_NAME = AppIcon;
				DEVELOPMENT_TEAM = 8QAD36SMXZ;
				INFOPLIST_FILE = WishList/Info.plist;
				LD_RUNPATH_SEARCH_PATHS = "$(inherited) @executable_path/Frameworks";
				PRODUCT_BUNDLE_IDENTIFIER = MMSk.WishList;
				PRODUCT_NAME = "$(TARGET_NAME)";
				SWIFT_VERSION = 3.0;
			};
			name = Release;
		};
		8AA334431E4E48D000130B72 /* Debug */ = {
			isa = XCBuildConfiguration;
			buildSettings = {
				ALWAYS_EMBED_SWIFT_STANDARD_LIBRARIES = YES;
				BUNDLE_LOADER = "$(TEST_HOST)";
				DEVELOPMENT_TEAM = 8QAD36SMXZ;
				INFOPLIST_FILE = WishListTests/Info.plist;
				LD_RUNPATH_SEARCH_PATHS = "$(inherited) @executable_path/Frameworks @loader_path/Frameworks";
				PRODUCT_BUNDLE_IDENTIFIER = MMSk.WishListTests;
				PRODUCT_NAME = "$(TARGET_NAME)";
				SWIFT_VERSION = 3.0;
				TEST_HOST = "$(BUILT_PRODUCTS_DIR)/WishList.app/WishList";
			};
			name = Debug;
		};
		8AA334441E4E48D000130B72 /* Release */ = {
			isa = XCBuildConfiguration;
			buildSettings = {
				ALWAYS_EMBED_SWIFT_STANDARD_LIBRARIES = YES;
				BUNDLE_LOADER = "$(TEST_HOST)";
				DEVELOPMENT_TEAM = 8QAD36SMXZ;
				INFOPLIST_FILE = WishListTests/Info.plist;
				LD_RUNPATH_SEARCH_PATHS = "$(inherited) @executable_path/Frameworks @loader_path/Frameworks";
				PRODUCT_BUNDLE_IDENTIFIER = MMSk.WishListTests;
				PRODUCT_NAME = "$(TARGET_NAME)";
				SWIFT_VERSION = 3.0;
				TEST_HOST = "$(BUILT_PRODUCTS_DIR)/WishList.app/WishList";
			};
			name = Release;
		};
		8AA334461E4E48D000130B72 /* Debug */ = {
			isa = XCBuildConfiguration;
			buildSettings = {
				ALWAYS_EMBED_SWIFT_STANDARD_LIBRARIES = YES;
				DEVELOPMENT_TEAM = 8QAD36SMXZ;
				INFOPLIST_FILE = WishListUITests/Info.plist;
				LD_RUNPATH_SEARCH_PATHS = "$(inherited) @executable_path/Frameworks @loader_path/Frameworks";
				PRODUCT_BUNDLE_IDENTIFIER = MMSk.WishListUITests;
				PRODUCT_NAME = "$(TARGET_NAME)";
				SWIFT_VERSION = 3.0;
				TEST_TARGET_NAME = WishList;
			};
			name = Debug;
		};
		8AA334471E4E48D000130B72 /* Release */ = {
			isa = XCBuildConfiguration;
			buildSettings = {
				ALWAYS_EMBED_SWIFT_STANDARD_LIBRARIES = YES;
				DEVELOPMENT_TEAM = 8QAD36SMXZ;
				INFOPLIST_FILE = WishListUITests/Info.plist;
				LD_RUNPATH_SEARCH_PATHS = "$(inherited) @executable_path/Frameworks @loader_path/Frameworks";
				PRODUCT_BUNDLE_IDENTIFIER = MMSk.WishListUITests;
				PRODUCT_NAME = "$(TARGET_NAME)";
				SWIFT_VERSION = 3.0;
				TEST_TARGET_NAME = WishList;
			};
			name = Release;
		};
/* End XCBuildConfiguration section */

/* Begin XCConfigurationList section */
		8AA3340F1E4E48CF00130B72 /* Build configuration list for PBXProject "WishList" */ = {
			isa = XCConfigurationList;
			buildConfigurations = (
				8AA3343D1E4E48D000130B72 /* Debug */,
				8AA3343E1E4E48D000130B72 /* Release */,
			);
			defaultConfigurationIsVisible = 0;
			defaultConfigurationName = Release;
		};
		8AA3343F1E4E48D000130B72 /* Build configuration list for PBXNativeTarget "WishList" */ = {
			isa = XCConfigurationList;
			buildConfigurations = (
				8AA334401E4E48D000130B72 /* Debug */,
				8AA334411E4E48D000130B72 /* Release */,
			);
			defaultConfigurationIsVisible = 0;
			defaultConfigurationName = Release;
		};
		8AA334421E4E48D000130B72 /* Build configuration list for PBXNativeTarget "WishListTests" */ = {
			isa = XCConfigurationList;
			buildConfigurations = (
				8AA334431E4E48D000130B72 /* Debug */,
				8AA334441E4E48D000130B72 /* Release */,
			);
			defaultConfigurationIsVisible = 0;
			defaultConfigurationName = Release;
		};
		8AA334451E4E48D000130B72 /* Build configuration list for PBXNativeTarget "WishListUITests" */ = {
			isa = XCConfigurationList;
			buildConfigurations = (
				8AA334461E4E48D000130B72 /* Debug */,
				8AA334471E4E48D000130B72 /* Release */,
			);
			defaultConfigurationIsVisible = 0;
			defaultConfigurationName = Release;
		};
/* End XCConfigurationList section */

/* Begin XCVersionGroup section */
		8A5204AB1E4F3C7600529BA9 /* datamodel.xcdatamodeld */ = {
			isa = XCVersionGroup;
			children = (
				8A5204AC1E4F3C7600529BA9 /* datamodel.xcdatamodel */,
			);
			currentVersion = 8A5204AC1E4F3C7600529BA9 /* datamodel.xcdatamodel */;
			path = datamodel.xcdatamodeld;
			sourceTree = "<group>";
			versionGroupType = wrapper.xcdatamodel;
		};
/* End XCVersionGroup section */
	};
	rootObject = 8AA3340C1E4E48CF00130B72 /* Project object */;
}
